{
  "name": "@sunny-cli/exec",
  "version": "0.0.5",
  "lockfileVersion": 2,
  "requires": true,
  "packages": {
    "": {
      "name": "@sunny-cli/exec",
      "version": "0.0.5",
      "license": "ISC",
      "dependencies": {
        "@sunny-cli/get-npm-info": "file:../../utils/get-npm-info",
        "@sunny-cli/log": "file:../../utils/log",
        "@sunny-cli/package": "file:../../models/package"
      }
    },
    "../../models/package": {
      "name": "@sunny-cli/package",
      "version": "0.0.5",
      "license": "ISC",
      "dependencies": {
        "npminstall": "^6.6.2",
        "pkg-dir": "^5.0.0"
      },
      "devDependencies": {
        "@sunny-cli/get-npm-info": "file:../../utils/get-npm-info"
      }
    },
    "../../utils/get-npm-info": {
      "version": "0.0.5",
      "license": "ISC",
      "dependencies": {
        "axios": "^1.2.0",
        "semver": "^7.3.8",
        "url-join": "^4.0.1"
      }
    },
    "../../utils/log": {
      "name": "@sunny-cli/log",
      "version": "0.0.5",
      "license": "ISC",
      "dependencies": {
        "npmlog": "^7.0.1"
      }
    },
    "node_modules/@sunny-cli/get-npm-info": {
      "resolved": "../../utils/get-npm-info",
      "link": true
    },
    "node_modules/@sunny-cli/log": {
      "resolved": "../../utils/log",
      "link": true
    },
    "node_modules/@sunny-cli/package": {
      "resolved": "../../models/package",
      "link": true
    }
  },
  "dependencies": {
    "@sunny-cli/get-npm-info": {
      "version": "file:../../utils/get-npm-info",
      "requires": {
        "axios": "^1.2.0",
        "semver": "^7.3.8",
        "url-join": "^4.0.1"
      }
    },
    "@sunny-cli/log": {
      "version": "file:../../utils/log",
      "requires": {
        "npmlog": "^7.0.1"
      }
    },
    "@sunny-cli/package": {
      "version": "file:../../models/package",
      "requires": {
        "@sunny-cli/get-npm-info": "file:../../utils/get-npm-info",
        "npminstall": "^6.6.2",
        "pkg-dir": "^5.0.0"
      }
    }
  }
}
