{
  "name": "@sunny-cli/exec",
  "version": "0.0.3",
  "lockfileVersion": 2,
  "requires": true,
  "packages": {
    "": {
      "name": "@sunny-cli/exec",
      "version": "0.0.3",
      "license": "ISC",
      "dependencies": {
        "@sunny-cli/log": "file:../../utils/log"
      }
    },
    "../../utils/log": {
      "name": "@sunny-cli/log",
      "version": "0.0.3",
      "license": "ISC",
      "dependencies": {
        "npmlog": "^7.0.1"
      }
    },
    "node_modules/@sunny-cli/log": {
      "resolved": "../../utils/log",
      "link": true
    }
  },
  "dependencies": {
    "@sunny-cli/log": {
      "version": "file:../../utils/log",
      "requires": {
        "npmlog": "^7.0.1"
      }
    }
  }
}
